
Microsoft Visual Studio Solution File, Format Version 12.00
# Visual Studio Version 16
VisualStudioVersion = 16.0.31112.23
MinimumVisualStudioVersion = 10.0.40219.1
Project("{9A19103F-16F7-4668-BE54-9A1E7A4F7556}") = "ConsoleProxyTask", "ConsoleProxyTask\ConsoleProxyTask.csproj", "{AFFACB87-2577-4D05-A237-B59AFF946FD5}"
EndProject
Project("{9A19103F-16F7-4668-BE54-9A1E7A4F7556}") = "ApiProxyTask", "ApiProxyTask\ApiProxyTask.csproj", "{4FB07AD5-CAD5-407B-A166-FF9DB1D87A4E}"
EndProject
Project("{FAE04EC0-301F-11D3-BF4B-00C04F79EFBC}") = "Services", "Services\Services.csproj", "{8561ABBA-1773-4DB1-A7D9-431E496D1551}"
EndProject
Global
	GlobalSection(SolutionConfigurationPlatforms) = preSolution
		Debug|Any CPU = Debug|Any CPU
		Release|Any CPU = Release|Any CPU
	EndGlobalSection
	GlobalSection(ProjectConfigurationPlatforms) = postSolution
		{AFFACB87-2577-4D05-A237-B59AFF946FD5}.Debug|Any CPU.ActiveCfg = Debug|Any CPU
		{AFFACB87-2577-4D05-A237-B59AFF946FD5}.Debug|Any CPU.Build.0 = Debug|Any CPU
		{AFFACB87-2577-4D05-A237-B59AFF946FD5}.Release|Any CPU.ActiveCfg = Release|Any CPU
		{AFFACB87-2577-4D05-A237-B59AFF946FD5}.Release|Any CPU.Build.0 = Release|Any CPU
		{4FB07AD5-CAD5-407B-A166-FF9DB1D87A4E}.Debug|Any CPU.ActiveCfg = Debug|Any CPU
		{4FB07AD5-CAD5-407B-A166-FF9DB1D87A4E}.Debug|Any CPU.Build.0 = Debug|Any CPU
		{4FB07AD5-CAD5-407B-A166-FF9DB1D87A4E}.Release|Any CPU.ActiveCfg = Release|Any CPU
		{4FB07AD5-CAD5-407B-A166-FF9DB1D87A4E}.Release|Any CPU.Build.0 = Release|Any CPU
		{8561ABBA-1773-4DB1-A7D9-431E496D1551}.Debug|Any CPU.ActiveCfg = Debug|Any CPU
		{8561ABBA-1773-4DB1-A7D9-431E496D1551}.Debug|Any CPU.Build.0 = Debug|Any CPU
		{8561ABBA-1773-4DB1-A7D9-431E496D1551}.Release|Any CPU.ActiveCfg = Release|Any CPU
		{8561ABBA-1773-4DB1-A7D9-431E496D1551}.Release|Any CPU.Build.0 = Release|Any CPU
	EndGlobalSection
	GlobalSection(SolutionProperties) = preSolution
		HideSolutionNode = FALSE
	EndGlobalSection
	GlobalSection(ExtensibilityGlobals) = postSolution
		SolutionGuid = {1309F80C-E910-4C48-B66B-17C80221CF67}
	EndGlobalSection
EndGlobal
